// !$*UTF8*$!
{
	archiveVersion = 1;
	classes = {
	};
	objectVersion = 50;
	objects = {

/* Begin PBXBuildFile section */
		846162762259BF9500AAA2FE /* AppDelegate.swift in Sources */ = {isa = PBXBuildFile; fileRef = 846162752259BF9500AAA2FE /* AppDelegate.swift */; };
		846162782259BF9500AAA2FE /* ViewController.swift in Sources */ = {isa = PBXBuildFile; fileRef = 846162772259BF9500AAA2FE /* ViewController.swift */; };
		8461627B2259BF9500AAA2FE /* Main.storyboard in Resources */ = {isa = PBXBuildFile; fileRef = 846162792259BF9500AAA2FE /* Main.storyboard */; };
		8461627E2259BF9500AAA2FE /* task05DataHere.xcdatamodeld in Sources */ = {isa = PBXBuildFile; fileRef = 8461627C2259BF9500AAA2FE /* task05DataHere.xcdatamodeld */; };
		846162802259BF9600AAA2FE /* Assets.xcassets in Resources */ = {isa = PBXBuildFile; fileRef = 8461627F2259BF9600AAA2FE /* Assets.xcassets */; };
		846162832259BF9600AAA2FE /* LaunchScreen.storyboard in Resources */ = {isa = PBXBuildFile; fileRef = 846162812259BF9600AAA2FE /* LaunchScreen.storyboard */; };
		8461628E2259BF9600AAA2FE /* task05DataHereTests.swift in Sources */ = {isa = PBXBuildFile; fileRef = 8461628D2259BF9600AAA2FE /* task05DataHereTests.swift */; };
		846162992259BF9600AAA2FE /* task05DataHereUITests.swift in Sources */ = {isa = PBXBuildFile; fileRef = 846162982259BF9600AAA2FE /* task05DataHereUITests.swift */; };
		846162AA2259CF4100AAA2FE /* data.json in Resources */ = {isa = PBXBuildFile; fileRef = 846162A92259CF4100AAA2FE /* data.json */; };
		84FDB3EE225DCAC200A18935 /* TableViewCell.swift in Sources */ = {isa = PBXBuildFile; fileRef = 84FDB3ED225DCAC200A18935 /* TableViewCell.swift */; };
/* End PBXBuildFile section */

/* Begin PBXContainerItemProxy section */
		8461628A2259BF9600AAA2FE /* PBXContainerItemProxy */ = {
			isa = PBXContainerItemProxy;
			containerPortal = 8461626A2259BF9500AAA2FE /* Project object */;
			proxyType = 1;
			remoteGlobalIDString = 846162712259BF9500AAA2FE;
			remoteInfo = task05DataHere;
		};
		846162952259BF9600AAA2FE /* PBXContainerItemProxy */ = {
			isa = PBXContainerItemProxy;
			containerPortal = 8461626A2259BF9500AAA2FE /* Project object */;
			proxyType = 1;
			remoteGlobalIDString = 846162712259BF9500AAA2FE;
			remoteInfo = task05DataHere;
		};
/* End PBXContainerItemProxy section */

/* Begin PBXFileReference section */
		846162722259BF9500AAA2FE /* task05DataHere.app */ = {isa = PBXFileReference; explicitFileType = wrapper.application; includeInIndex = 0; path = task05DataHere.app; sourceTree = BUILT_PRODUCTS_DIR; };
		846162752259BF9500AAA2FE /* AppDelegate.swift */ = {isa = PBXFileReference; lastKnownFileType = sourcecode.swift; path = AppDelegate.swift; sourceTree = "<group>"; };
		846162772259BF9500AAA2FE /* ViewController.swift */ = {isa = PBXFileReference; lastKnownFileType = sourcecode.swift; path = ViewController.swift; sourceTree = "<group>"; };
		8461627A2259BF9500AAA2FE /* Base */ = {isa = PBXFileReference; lastKnownFileType = file.storyboard; name = Base; path = Base.lproj/Main.storyboard; sourceTree = "<group>"; };
		8461627D2259BF9500AAA2FE /* task05DataHere.xcdatamodel */ = {isa = PBXFileReference; lastKnownFileType = wrapper.xcdatamodel; path = task05DataHere.xcdatamodel; sourceTree = "<group>"; };
		8461627F2259BF9600AAA2FE /* Assets.xcassets */ = {isa = PBXFileReference; lastKnownFileType = folder.assetcatalog; path = Assets.xcassets; sourceTree = "<group>"; };
		846162822259BF9600AAA2FE /* Base */ = {isa = PBXFileReference; lastKnownFileType = file.storyboard; name = Base; path = Base.lproj/LaunchScreen.storyboard; sourceTree = "<group>"; };
		846162842259BF9600AAA2FE /* Info.plist */ = {isa = PBXFileReference; lastKnownFileType = text.plist.xml; path = Info.plist; sourceTree = "<group>"; };
		846162892259BF9600AAA2FE /* task05DataHereTests.xctest */ = {isa = PBXFileReference; explicitFileType = wrapper.cfbundle; includeInIndex = 0; path = task05DataHereTests.xctest; sourceTree = BUILT_PRODUCTS_DIR; };
		8461628D2259BF9600AAA2FE /* task05DataHereTests.swift */ = {isa = PBXFileReference; lastKnownFileType = sourcecode.swift; path = task05DataHereTests.swift; sourceTree = "<group>"; };
		8461628F2259BF9600AAA2FE /* Info.plist */ = {isa = PBXFileReference; lastKnownFileType = text.plist.xml; path = Info.plist; sourceTree = "<group>"; };
		846162942259BF9600AAA2FE /* task05DataHereUITests.xctest */ = {isa = PBXFileReference; explicitFileType = wrapper.cfbundle; includeInIndex = 0; path = task05DataHereUITests.xctest; sourceTree = BUILT_PRODUCTS_DIR; };
		846162982259BF9600AAA2FE /* task05DataHereUITests.swift */ = {isa = PBXFileReference; lastKnownFileType = sourcecode.swift; path = task05DataHereUITests.swift; sourceTree = "<group>"; };
		8461629A2259BF9600AAA2FE /* Info.plist */ = {isa = PBXFileReference; lastKnownFileType = text.plist.xml; path = Info.plist; sourceTree = "<group>"; };
		846162A92259CF4100AAA2FE /* data.json */ = {isa = PBXFileReference; fileEncoding = 4; lastKnownFileType = text.json; path = data.json; sourceTree = "<group>"; };
		84FDB3ED225DCAC200A18935 /* TableViewCell.swift */ = {isa = PBXFileReference; lastKnownFileType = sourcecode.swift; path = TableViewCell.swift; sourceTree = "<group>"; };
/* End PBXFileReference section */

/* Begin PBXFrameworksBuildPhase section */
		8461626F2259BF9500AAA2FE /* Frameworks */ = {
			isa = PBXFrameworksBuildPhase;
			buildActionMask = 2147483647;
			files = (
			);
			runOnlyForDeploymentPostprocessing = 0;
		};
		846162862259BF9600AAA2FE /* Frameworks */ = {
			isa = PBXFrameworksBuildPhase;
			buildActionMask = 2147483647;
			files = (
			);
			runOnlyForDeploymentPostprocessing = 0;
		};
		846162912259BF9600AAA2FE /* Frameworks */ = {
			isa = PBXFrameworksBuildPhase;
			buildActionMask = 2147483647;
			files = (
			);
			runOnlyForDeploymentPostprocessing = 0;
		};
/* End PBXFrameworksBuildPhase section */

/* Begin PBXGroup section */
		846162692259BF9500AAA2FE = {
			isa = PBXGroup;
			children = (
				846162A62259C07200AAA2FE /* JsonData */,
				846162742259BF9500AAA2FE /* task05DataHere */,
				8461628C2259BF9600AAA2FE /* task05DataHereTests */,
				846162972259BF9600AAA2FE /* task05DataHereUITests */,
				846162732259BF9500AAA2FE /* Products */,
			);
			sourceTree = "<group>";
		};
		846162732259BF9500AAA2FE /* Products */ = {
			isa = PBXGroup;
			children = (
				846162722259BF9500AAA2FE /* task05DataHere.app */,
				846162892259BF9600AAA2FE /* task05DataHereTests.xctest */,
				846162942259BF9600AAA2FE /* task05DataHereUITests.xctest */,
			);
			name = Products;
			sourceTree = "<group>";
		};
		846162742259BF9500AAA2FE /* task05DataHere */ = {
			isa = PBXGroup;
			children = (
				846162752259BF9500AAA2FE /* AppDelegate.swift */,
				846162772259BF9500AAA2FE /* ViewController.swift */,
				846162792259BF9500AAA2FE /* Main.storyboard */,
				8461627F2259BF9600AAA2FE /* Assets.xcassets */,
				846162812259BF9600AAA2FE /* LaunchScreen.storyboard */,
				846162842259BF9600AAA2FE /* Info.plist */,
				8461627C2259BF9500AAA2FE /* task05DataHere.xcdatamodeld */,
				84FDB3ED225DCAC200A18935 /* TableViewCell.swift */,
			);
			path = task05DataHere;
			sourceTree = "<group>";
		};
		8461628C2259BF9600AAA2FE /* task05DataHereTests */ = {
			isa = PBXGroup;
			children = (
				8461628D2259BF9600AAA2FE /* task05DataHereTests.swift */,
				8461628F2259BF9600AAA2FE /* Info.plist */,
			);
			path = task05DataHereTests;
			sourceTree = "<group>";
		};
		846162972259BF9600AAA2FE /* task05DataHereUITests */ = {
			isa = PBXGroup;
			children = (
				846162982259BF9600AAA2FE /* task05DataHereUITests.swift */,
				8461629A2259BF9600AAA2FE /* Info.plist */,
			);
			path = task05DataHereUITests;
			sourceTree = "<group>";
		};
		846162A62259C07200AAA2FE /* JsonData */ = {
			isa = PBXGroup;
			children = (
				846162A92259CF4100AAA2FE /* data.json */,
			);
			path = JsonData;
			sourceTree = "<group>";
		};
/* End PBXGroup section */

/* Begin PBXNativeTarget section */
		846162712259BF9500AAA2FE /* task05DataHere */ = {
			isa = PBXNativeTarget;
			buildConfigurationList = 8461629D2259BF9600AAA2FE /* Build configuration list for PBXNativeTarget "task05DataHere" */;
			buildPhases = (
				8461626E2259BF9500AAA2FE /* Sources */,
				8461626F2259BF9500AAA2FE /* Frameworks */,
				846162702259BF9500AAA2FE /* Resources */,
			);
			buildRules = (
			);
			dependencies = (
			);
			name = task05DataHere;
			productName = task05DataHere;
			productReference = 846162722259BF9500AAA2FE /* task05DataHere.app */;
			productType = "com.apple.product-type.application";
		};
		846162882259BF9600AAA2FE /* task05DataHereTests */ = {
			isa = PBXNativeTarget;
			buildConfigurationList = 846162A02259BF9600AAA2FE /* Build configuration list for PBXNativeTarget "task05DataHereTests" */;
			buildPhases = (
				846162852259BF9600AAA2FE /* Sources */,
				846162862259BF9600AAA2FE /* Frameworks */,
				846162872259BF9600AAA2FE /* Resources */,
			);
			buildRules = (
			);
			dependencies = (
				8461628B2259BF9600AAA2FE /* PBXTargetDependency */,
			);
			name = task05DataHereTests;
			productName = task05DataHereTests;
			productReference = 846162892259BF9600AAA2FE /* task05DataHereTests.xctest */;
			productType = "com.apple.product-type.bundle.unit-test";
		};
		846162932259BF9600AAA2FE /* task05DataHereUITests */ = {
			isa = PBXNativeTarget;
			buildConfigurationList = 846162A32259BF9600AAA2FE /* Build configuration list for PBXNativeTarget "task05DataHereUITests" */;
			buildPhases = (
				846162902259BF9600AAA2FE /* Sources */,
				846162912259BF9600AAA2FE /* Frameworks */,
				846162922259BF9600AAA2FE /* Resources */,
			);
			buildRules = (
			);
			dependencies = (
				846162962259BF9600AAA2FE /* PBXTargetDependency */,
			);
			name = task05DataHereUITests;
			productName = task05DataHereUITests;
			productReference = 846162942259BF9600AAA2FE /* task05DataHereUITests.xctest */;
			productType = "com.apple.product-type.bundle.ui-testing";
		};
/* End PBXNativeTarget section */

/* Begin PBXProject section */
		8461626A2259BF9500AAA2FE /* Project object */ = {
			isa = PBXProject;
			attributes = {
				LastSwiftUpdateCheck = 1010;
				LastUpgradeCheck = 1010;
				ORGANIZATIONNAME = "Carl Chen";
				TargetAttributes = {
					846162712259BF9500AAA2FE = {
						CreatedOnToolsVersion = 10.1;
					};
					846162882259BF9600AAA2FE = {
						CreatedOnToolsVersion = 10.1;
						TestTargetID = 846162712259BF9500AAA2FE;
					};
					846162932259BF9600AAA2FE = {
						CreatedOnToolsVersion = 10.1;
						TestTargetID = 846162712259BF9500AAA2FE;
					};
				};
			};
			buildConfigurationList = 8461626D2259BF9500AAA2FE /* Build configuration list for PBXProject "task05DataHere" */;
			compatibilityVersion = "Xcode 9.3";
			developmentRegion = en;
			hasScannedForEncodings = 0;
			knownRegions = (
				en,
				Base,
			);
			mainGroup = 846162692259BF9500AAA2FE;
			productRefGroup = 846162732259BF9500AAA2FE /* Products */;
			projectDirPath = "";
			projectRoot = "";
			targets = (
				846162712259BF9500AAA2FE /* task05DataHere */,
				846162882259BF9600AAA2FE /* task05DataHereTests */,
				846162932259BF9600AAA2FE /* task05DataHereUITests */,
			);
		};
/* End PBXProject section */

/* Begin PBXResourcesBuildPhase section */
		846162702259BF9500AAA2FE /* Resources */ = {
			isa = PBXResourcesBuildPhase;
			buildActionMask = 2147483647;
			files = (
				846162832259BF9600AAA2FE /* LaunchScreen.storyboard in Resources */,
				846162802259BF9600AAA2FE /* Assets.xcassets in Resources */,
				846162AA2259CF4100AAA2FE /* data.json in Resources */,
				8461627B2259BF9500AAA2FE /* Main.storyboard in Resources */,
			);
			runOnlyForDeploymentPostprocessing = 0;
		};
		846162872259BF9600AAA2FE /* Resources */ = {
			isa = PBXResourcesBuildPhase;
			buildActionMask = 2147483647;
			files = (
			);
			runOnlyForDeploymentPostprocessing = 0;
		};
		846162922259BF9600AAA2FE /* Resources */ = {
			isa = PBXResourcesBuildPhase;
			buildActionMask = 2147483647;
			files = (
			);
			runOnlyForDeploymentPostprocessing = 0;
		};
/* End PBXResourcesBuildPhase section */

/* Begin PBXSourcesBuildPhase section */
		8461626E2259BF9500AAA2FE /* Sources */ = {
			isa = PBXSourcesBuildPhase;
			buildActionMask = 2147483647;
			files = (
				8461627E2259BF9500AAA2FE /* task05DataHere.xcdatamodeld in Sources */,
				84FDB3EE225DCAC200A18935 /* TableViewCell.swift in Sources */,
				846162782259BF9500AAA2FE /* ViewController.swift in Sources */,
				846162762259BF9500AAA2FE /* AppDelegate.swift in Sources */,
			);
			runOnlyForDeploymentPostprocessing = 0;
		};
		846162852259BF9600AAA2FE /* Sources */ = {
			isa = PBXSourcesBuildPhase;
			buildActionMask = 2147483647;
			files = (
				8461628E2259BF9600AAA2FE /* task05DataHereTests.swift in Sources */,
			);
			runOnlyForDeploymentPostprocessing = 0;
		};
		846162902259BF9600AAA2FE /* Sources */ = {
			isa = PBXSourcesBuildPhase;
			buildActionMask = 2147483647;
			files = (
				846162992259BF9600AAA2FE /* task05DataHereUITests.swift in Sources */,
			);
			runOnlyForDeploymentPostprocessing = 0;
		};
/* End PBXSourcesBuildPhase section */

/* Begin PBXTargetDependency section */
		8461628B2259BF9600AAA2FE /* PBXTargetDependency */ = {
			isa = PBXTargetDependency;
			target = 846162712259BF9500AAA2FE /* task05DataHere */;
			targetProxy = 8461628A2259BF9600AAA2FE /* PBXContainerItemProxy */;
		};
		846162962259BF9600AAA2FE /* PBXTargetDependency */ = {
			isa = PBXTargetDependency;
			target = 846162712259BF9500AAA2FE /* task05DataHere */;
			targetProxy = 846162952259BF9600AAA2FE /* PBXContainerItemProxy */;
		};
/* End PBXTargetDependency section */

/* Begin PBXVariantGroup section */
		846162792259BF9500AAA2FE /* Main.storyboard */ = {
			isa = PBXVariantGroup;
			children = (
				8461627A2259BF9500AAA2FE /* Base */,
			);
			name = Main.storyboard;
			sourceTree = "<group>";
		};
		846162812259BF9600AAA2FE /* LaunchScreen.storyboard */ = {
			isa = PBXVariantGroup;
			children = (
				846162822259BF9600AAA2FE /* Base */,
			);
			name = LaunchScreen.storyboard;
			sourceTree = "<group>";
		};
/* End PBXVariantGroup section */

/* Begin XCBuildConfiguration section */
		8461629B2259BF9600AAA2FE /* Debug */ = {
			isa = XCBuildConfiguration;
			buildSettings = {
				ALWAYS_SEARCH_USER_PATHS = NO;
				CLANG_ANALYZER_NONNULL = YES;
				CLANG_ANALYZER_NUMBER_OBJECT_CONVERSION = YES_AGGRESSIVE;
				CLANG_CXX_LANGUAGE_STANDARD = "gnu++14";
				CLANG_CXX_LIBRARY = "libc++";
				CLANG_ENABLE_MODULES = YES;
				CLANG_ENABLE_OBJC_ARC = YES;
				CLANG_ENABLE_OBJC_WEAK = YES;
				CLANG_WARN_BLOCK_CAPTURE_AUTORELEASING = YES;
				CLANG_WARN_BOOL_CONVERSION = YES;
				CLANG_WARN_COMMA = YES;
				CLANG_WARN_CONSTANT_CONVERSION = YES;
				CLANG_WARN_DEPRECATED_OBJC_IMPLEMENTATIONS = YES;
				CLANG_WARN_DIRECT_OBJC_ISA_USAGE = YES_ERROR;
				CLANG_WARN_DOCUMENTATION_COMMENTS = YES;
				CLANG_WARN_EMPTY_BODY = YES;
				CLANG_WARN_ENUM_CONVERSION = YES;
				CLANG_WARN_INFINITE_RECURSION = YES;
				CLANG_WARN_INT_CONVERSION = YES;
				CLANG_WARN_NON_LITERAL_NULL_CONVERSION = YES;
				CLANG_WARN_OBJC_IMPLICIT_RETAIN_SELF = YES;
				CLANG_WARN_OBJC_LITERAL_CONVERSION = YES;
				CLANG_WARN_OBJC_ROOT_CLASS = YES_ERROR;
				CLANG_WARN_RANGE_LOOP_ANALYSIS = YES;
				CLANG_WARN_STRICT_PROTOTYPES = YES;
				CLANG_WARN_SUSPICIOUS_MOVE = YES;
				CLANG_WARN_UNGUARDED_AVAILABILITY = YES_AGGRESSIVE;
				CLANG_WARN_UNREACHABLE_CODE = YES;
				CLANG_WARN__DUPLICATE_METHOD_MATCH = YES;
				CODE_SIGN_IDENTITY = "iPhone Developer";
				COPY_PHASE_STRIP = NO;
				DEBUG_INFORMATION_FORMAT = dwarf;
				ENABLE_STRICT_OBJC_MSGSEND = YES;
				ENABLE_TESTABILITY = YES;
				GCC_C_LANGUAGE_STANDARD = gnu11;
				GCC_DYNAMIC_NO_PIC = NO;
				GCC_NO_COMMON_BLOCKS = YES;
				GCC_OPTIMIZATION_LEVEL = 0;
				GCC_PREPROCESSOR_DEFINITIONS = (
					"DEBUG=1",
					"$(inherited)",
				);
				GCC_WARN_64_TO_32_BIT_CONVERSION = YES;
				GCC_WARN_ABOUT_RETURN_TYPE = YES_ERROR;
				GCC_WARN_UNDECLARED_SELECTOR = YES;
				GCC_WARN_UNINITIALIZED_AUTOS = YES_AGGRESSIVE;
				GCC_WARN_UNUSED_FUNCTION = YES;
				GCC_WARN_UNUSED_VARIABLE = YES;
				IPHONEOS_DEPLOYMENT_TARGET = 12.1;
				MTL_ENABLE_DEBUG_INFO = INCLUDE_SOURCE;
				MTL_FAST_MATH = YES;
				ONLY_ACTIVE_ARCH = YES;
				SDKROOT = iphoneos;
				SWIFT_ACTIVE_COMPILATION_CONDITIONS = DEBUG;
				SWIFT_OPTIMIZATION_LEVEL = "-Onone";
			};
			name = Debug;
		};
		8461629C2259BF9600AAA2FE /* Release */ = {
			isa = XCBuildConfiguration;
			buildSettings = {
				ALWAYS_SEARCH_USER_PATHS = NO;
				CLANG_ANALYZER_NONNULL = YES;
				CLANG_ANALYZER_NUMBER_OBJECT_CONVERSION = YES_AGGRESSIVE;
				CLANG_CXX_LANGUAGE_STANDARD = "gnu++14";
				CLANG_CXX_LIBRARY = "libc++";
				CLANG_ENABLE_MODULES = YES;
				CLANG_ENABLE_OBJC_ARC = YES;
				CLANG_ENABLE_OBJC_WEAK = YES;
				CLANG_WARN_BLOCK_CAPTURE_AUTORELEASING = YES;
				CLANG_WARN_BOOL_CONVERSION = YES;
				CLANG_WARN_COMMA = YES;
				CLANG_WARN_CONSTANT_CONVERSION = YES;
				CLANG_WARN_DEPRECATED_OBJC_IMPLEMENTATIONS = YES;
				CLANG_WARN_DIRECT_OBJC_ISA_USAGE = YES_ERROR;
				CLANG_WARN_DOCUMENTATION_COMMENTS = YES;
				CLANG_WARN_EMPTY_BODY = YES;
				CLANG_WARN_ENUM_CONVERSION = YES;
				CLANG_WARN_INFINITE_RECURSION = YES;
				CLANG_WARN_INT_CONVERSION = YES;
				CLANG_WARN_NON_LITERAL_NULL_CONVERSION = YES;
				CLANG_WARN_OBJC_IMPLICIT_RETAIN_SELF = YES;
				CLANG_WARN_OBJC_LITERAL_CONVERSION = YES;
				CLANG_WARN_OBJC_ROOT_CLASS = YES_ERROR;
				CLANG_WARN_RANGE_LOOP_ANALYSIS = YES;
				CLANG_WARN_STRICT_PROTOTYPES = YES;
				CLANG_WARN_SUSPICIOUS_MOVE = YES;
				CLANG_WARN_UNGUARDED_AVAILABILITY = YES_AGGRESSIVE;
				CLANG_WARN_UNREACHABLE_CODE = YES;
				CLANG_WARN__DUPLICATE_METHOD_MATCH = YES;
				CODE_SIGN_IDENTITY = "iPhone Developer";
				COPY_PHASE_STRIP = NO;
				DEBUG_INFORMATION_FORMAT = "dwarf-with-dsym";
				ENABLE_NS_ASSERTIONS = NO;
				ENABLE_STRICT_OBJC_MSGSEND = YES;
				GCC_C_LANGUAGE_STANDARD = gnu11;
				GCC_NO_COMMON_BLOCKS = YES;
				GCC_WARN_64_TO_32_BIT_CONVERSION = YES;
				GCC_WARN_ABOUT_RETURN_TYPE = YES_ERROR;
				GCC_WARN_UNDECLARED_SELECTOR = YES;
				GCC_WARN_UNINITIALIZED_AUTOS = YES_AGGRESSIVE;
				GCC_WARN_UNUSED_FUNCTION = YES;
				GCC_WARN_UNUSED_VARIABLE = YES;
				IPHONEOS_DEPLOYMENT_TARGET = 12.1;
				MTL_ENABLE_DEBUG_INFO = NO;
				MTL_FAST_MATH = YES;
				SDKROOT = iphoneos;
				SWIFT_COMPILATION_MODE = wholemodule;
				SWIFT_OPTIMIZATION_LEVEL = "-O";
				VALIDATE_PRODUCT = YES;
			};
			name = Release;
		};
		8461629E2259BF9600AAA2FE /* Debug */ = {
			isa = XCBuildConfiguration;
			buildSettings = {
				ASSETCATALOG_COMPILER_APPICON_NAME = AppIcon;
				CODE_SIGN_STYLE = Automatic;
				INFOPLIST_FILE = task05DataHere/Info.plist;
				LD_RUNPATH_SEARCH_PATHS = (
					"$(inherited)",
					"@executable_path/Frameworks",
				);
				PRODUCT_BUNDLE_IDENTIFIER = swin.task05DataHere;
				PRODUCT_NAME = "$(TARGET_NAME)";
				SWIFT_VERSION = 4.2;
				TARGETED_DEVICE_FAMILY = "1,2";
			};
			name = Debug;
		};
		8461629F2259BF9600AAA2FE /* Release */ = {
			isa = XCBuildConfiguration;
			buildSettings = {
				ASSETCATALOG_COMPILER_APPICON_NAME = AppIcon;
				CODE_SIGN_STYLE = Automatic;
				INFOPLIST_FILE = task05DataHere/Info.plist;
				LD_RUNPATH_SEARCH_PATHS = (
					"$(inherited)",
					"@executable_path/Frameworks",
				);
				PRODUCT_BUNDLE_IDENTIFIER = swin.task05DataHere;
				PRODUCT_NAME = "$(TARGET_NAME)";
				SWIFT_VERSION = 4.2;
				TARGETED_DEVICE_FAMILY = "1,2";
			};
			name = Release;
		};
		846162A12259BF9600AAA2FE /* Debug */ = {
			isa = XCBuildConfiguration;
			buildSettings = {
				ALWAYS_EMBED_SWIFT_STANDARD_LIBRARIES = YES;
				BUNDLE_LOADER = "$(TEST_HOST)";
				CODE_SIGN_STYLE = Automatic;
				INFOPLIST_FILE = task05DataHereTests/Info.plist;
				LD_RUNPATH_SEARCH_PATHS = (
					"$(inherited)",
					"@executable_path/Frameworks",
					"@loader_path/Frameworks",
				);
				PRODUCT_BUNDLE_IDENTIFIER = swin.task05DataHereTests;
				PRODUCT_NAME = "$(TARGET_NAME)";
				SWIFT_VERSION = 4.2;
				TARGETED_DEVICE_FAMILY = "1,2";
				TEST_HOST = "$(BUILT_PRODUCTS_DIR)/task05DataHere.app/task05DataHere";
			};
			name = Debug;
		};
		846162A22259BF9600AAA2FE /* Release */ = {
			isa = XCBuildConfiguration;
			buildSettings = {
				ALWAYS_EMBED_SWIFT_STANDARD_LIBRARIES = YES;
				BUNDLE_LOADER = "$(TEST_HOST)";
				CODE_SIGN_STYLE = Automatic;
				INFOPLIST_FILE = task05DataHereTests/Info.plist;
				LD_RUNPATH_SEARCH_PATHS = (
					"$(inherited)",
					"@executable_path/Frameworks",
					"@loader_path/Frameworks",
				);
				PRODUCT_BUNDLE_IDENTIFIER = swin.task05DataHereTests;
				PRODUCT_NAME = "$(TARGET_NAME)";
				SWIFT_VERSION = 4.2;
				TARGETED_DEVICE_FAMILY = "1,2";
				TEST_HOST = "$(BUILT_PRODUCTS_DIR)/task05DataHere.app/task05DataHere";
			};
			name = Release;
		};
		846162A42259BF9600AAA2FE /* Debug */ = {
			isa = XCBuildConfiguration;
			buildSettings = {
				ALWAYS_EMBED_SWIFT_STANDARD_LIBRARIES = YES;
				CODE_SIGN_STYLE = Automatic;
				INFOPLIST_FILE = task05DataHereUITests/Info.plist;
				LD_RUNPATH_SEARCH_PATHS = (
					"$(inherited)",
					"@executable_path/Frameworks",
					"@loader_path/Frameworks",
				);
				PRODUCT_BUNDLE_IDENTIFIER = swin.task05DataHereUITests;
				PRODUCT_NAME = "$(TARGET_NAME)";
				SWIFT_VERSION = 4.2;
				TARGETED_DEVICE_FAMILY = "1,2";
				TEST_TARGET_NAME = task05DataHere;
			};
			name = Debug;
		};
		846162A52259BF9600AAA2FE /* Release */ = {
			isa = XCBuildConfiguration;
			buildSettings = {
				ALWAYS_EMBED_SWIFT_STANDARD_LIBRARIES = YES;
				CODE_SIGN_STYLE = Automatic;
				INFOPLIST_FILE = task05DataHereUITests/Info.plist;
				LD_RUNPATH_SEARCH_PATHS = (
					"$(inherited)",
					"@executable_path/Frameworks",
					"@loader_path/Frameworks",
				);
				PRODUCT_BUNDLE_IDENTIFIER = swin.task05DataHereUITests;
				PRODUCT_NAME = "$(TARGET_NAME)";
				SWIFT_VERSION = 4.2;
				TARGETED_DEVICE_FAMILY = "1,2";
				TEST_TARGET_NAME = task05DataHere;
			};
			name = Release;
		};
/* End XCBuildConfiguration section */

/* Begin XCConfigurationList section */
		8461626D2259BF9500AAA2FE /* Build configuration list for PBXProject "task05DataHere" */ = {
			isa = XCConfigurationList;
			buildConfigurations = (
				8461629B2259BF9600AAA2FE /* Debug */,
				8461629C2259BF9600AAA2FE /* Release */,
			);
			defaultConfigurationIsVisible = 0;
			defaultConfigurationName = Release;
		};
		8461629D2259BF9600AAA2FE /* Build configuration list for PBXNativeTarget "task05DataHere" */ = {
			isa = XCConfigurationList;
			buildConfigurations = (
				8461629E2259BF9600AAA2FE /* Debug */,
				8461629F2259BF9600AAA2FE /* Release */,
			);
			defaultConfigurationIsVisible = 0;
			defaultConfigurationName = Release;
		};
		846162A02259BF9600AAA2FE /* Build configuration list for PBXNativeTarget "task05DataHereTests" */ = {
			isa = XCConfigurationList;
			buildConfigurations = (
				846162A12259BF9600AAA2FE /* Debug */,
				846162A22259BF9600AAA2FE /* Release */,
			);
			defaultConfigurationIsVisible = 0;
			defaultConfigurationName = Release;
		};
		846162A32259BF9600AAA2FE /* Build configuration list for PBXNativeTarget "task05DataHereUITests" */ = {
			isa = XCConfigurationList;
			buildConfigurations = (
				846162A42259BF9600AAA2FE /* Debug */,
				846162A52259BF9600AAA2FE /* Release */,
			);
			defaultConfigurationIsVisible = 0;
			defaultConfigurationName = Release;
		};
/* End XCConfigurationList section */

/* Begin XCVersionGroup section */
		8461627C2259BF9500AAA2FE /* task05DataHere.xcdatamodeld */ = {
			isa = XCVersionGroup;
			children = (
				8461627D2259BF9500AAA2FE /* task05DataHere.xcdatamodel */,
			);
			currentVersion = 8461627D2259BF9500AAA2FE /* task05DataHere.xcdatamodel */;
			path = task05DataHere.xcdatamodeld;
			sourceTree = "<group>";
			versionGroupType = wrapper.xcdatamodel;
		};
/* End XCVersionGroup section */
	};
	rootObject = 8461626A2259BF9500AAA2FE /* Project object */;
}
